
Microsoft Visual Studio Solution File, Format Version 12.00
# Visual Studio Version 16
VisualStudioVersion = 16.0.29905.134
MinimumVisualStudioVersion = 10.0.40219.1
Project("{FAE04EC0-301F-11D3-BF4B-00C04F79EFBC}") = "Webshop", "Webshop\Webshop.csproj", "{77289CB0-8617-4017-AD05-899791A1E795}"
EndProject
Global
	GlobalSection(SolutionConfigurationPlatforms) = preSolution
		Debug|Any CPU = Debug|Any CPU
		Release|Any CPU = Release|Any CPU
	EndGlobalSection
	GlobalSection(ProjectConfigurationPlatforms) = postSolution
		{77289CB0-8617-4017-AD05-899791A1E795}.Debug|Any CPU.ActiveCfg = Debug|Any CPU
		{77289CB0-8617-4017-AD05-899791A1E795}.Debug|Any CPU.Build.0 = Debug|Any CPU
		{77289CB0-8617-4017-AD05-899791A1E795}.Release|Any CPU.ActiveCfg = Release|Any CPU
		{77289CB0-8617-4017-AD05-899791A1E795}.Release|Any CPU.Build.0 = Release|Any CPU
	EndGlobalSection
	GlobalSection(SolutionProperties) = preSolution
		HideSolutionNode = FALSE
	EndGlobalSection
	GlobalSection(ExtensibilityGlobals) = postSolution
		SolutionGuid = {E5A0E133-F5F5-4437-A52E-E430E2193925}
	EndGlobalSection
EndGlobal
